// !$*UTF8*$!
{
	archiveVersion = 1;
	classes = {
	};
	objectVersion = 46;
	objects = {

/* Begin PBXBuildFile section */
		5A1B4D9C171D284500FBB0ED /* SystemConfiguration.framework in Frameworks */ = {isa = PBXBuildFile; fileRef = 5A1B4D9B171D284500FBB0ED /* SystemConfiguration.framework */; };
		5A1B4DA0171D28A200FBB0ED /* libz.dylib in Frameworks */ = {isa = PBXBuildFile; fileRef = 5A1B4D9F171D28A200FBB0ED /* libz.dylib */; };
		5A50DD4117281CCA00060DA7 /* CommonMethods.m in Sources */ = {isa = PBXBuildFile; fileRef = 5A50DD2217281CCA00060DA7 /* CommonMethods.m */; };
		5A50DD4217281CCA00060DA7 /* NetworkManager.m in Sources */ = {isa = PBXBuildFile; fileRef = 5A50DD2617281CCA00060DA7 /* NetworkManager.m */; };
		5A50DD4317281CCA00060DA7 /* WebServicesManager.m in Sources */ = {isa = PBXBuildFile; fileRef = 5A50DD2817281CCA00060DA7 /* WebServicesManager.m */; };
		5A50DD4417281CCA00060DA7 /* PhotosClass.m in Sources */ = {isa = PBXBuildFile; fileRef = 5A50DD2B17281CCA00060DA7 /* PhotosClass.m */; };
		5A50DD4517281CCA00060DA7 /* webTransaction.m in Sources */ = {isa = PBXBuildFile; fileRef = 5A50DD2D17281CCA00060DA7 /* webTransaction.m */; };
		5A50DD4617281CCA00060DA7 /* webTransactionItem.m in Sources */ = {isa = PBXBuildFile; fileRef = 5A50DD2F17281CCA00060DA7 /* webTransactionItem.m */; };
		5A50DD4717281CCA00060DA7 /* webTransactionVerification.m in Sources */ = {isa = PBXBuildFile; fileRef = 5A50DD3117281CCA00060DA7 /* webTransactionVerification.m */; };
		5ACB57F0172F934900CC6163 /* libiconv.dylib in Frameworks */ = {isa = PBXBuildFile; fileRef = 5ACB57EF172F934900CC6163 /* libiconv.dylib */; };
		5ACF1761171BDACE0097FC5A /* UIKit.framework in Frameworks */ = {isa = PBXBuildFile; fileRef = 5ACF1760171BDACE0097FC5A /* UIKit.framework */; };
		5ACF1765171BDACE0097FC5A /* CoreGraphics.framework in Frameworks */ = {isa = PBXBuildFile; fileRef = 5ACF1764171BDACE0097FC5A /* CoreGraphics.framework */; };
		5ACF176B171BDACE0097FC5A /* InfoPlist.strings in Resources */ = {isa = PBXBuildFile; fileRef = 5ACF1769171BDACE0097FC5A /* InfoPlist.strings */; };
		5ACF176D171BDACE0097FC5A /* main.m in Sources */ = {isa = PBXBuildFile; fileRef = 5ACF176C171BDACE0097FC5A /* main.m */; };
		5ACF1771171BDACE0097FC5A /* AppDelegate.m in Sources */ = {isa = PBXBuildFile; fileRef = 5ACF1770171BDACE0097FC5A /* AppDelegate.m */; };
		5ACF1773171BDACE0097FC5A /* Default.png in Resources */ = {isa = PBXBuildFile; fileRef = 5ACF1772171BDACE0097FC5A /* Default.png */; };
		5ACF1775171BDACE0097FC5A /* Default@2x.png in Resources */ = {isa = PBXBuildFile; fileRef = 5ACF1774171BDACE0097FC5A /* Default@2x.png */; };
		5ACF1777171BDACE0097FC5A /* Default-568h@2x.png in Resources */ = {isa = PBXBuildFile; fileRef = 5ACF1776171BDACE0097FC5A /* Default-568h@2x.png */; };
		5ACF1788171BDACF0097FC5A /* SenTestingKit.framework in Frameworks */ = {isa = PBXBuildFile; fileRef = 5ACF1787171BDACF0097FC5A /* SenTestingKit.framework */; };
		5ACF1789171BDACF0097FC5A /* UIKit.framework in Frameworks */ = {isa = PBXBuildFile; fileRef = 5ACF1760171BDACE0097FC5A /* UIKit.framework */; };
		5ACF178A171BDACF0097FC5A /* Foundation.framework in Frameworks */ = {isa = PBXBuildFile; fileRef = 5ACF1762171BDACE0097FC5A /* Foundation.framework */; };
		5ACF1792171BDACF0097FC5A /* InfoPlist.strings in Resources */ = {isa = PBXBuildFile; fileRef = 5ACF1790171BDACF0097FC5A /* InfoPlist.strings */; };
		5ACF1795171BDACF0097FC5A /* TraitWareTests.m in Sources */ = {isa = PBXBuildFile; fileRef = 5ACF1794171BDACF0097FC5A /* TraitWareTests.m */; };
		5ADCC5BA171D108C0077F311 /* KeyPicturesViewController.m in Sources */ = {isa = PBXBuildFile; fileRef = 5ADCC5A3171D108C0077F311 /* KeyPicturesViewController.m */; };
		5ADCC63E171D26840077F311 /* CFNetwork.framework in Frameworks */ = {isa = PBXBuildFile; fileRef = 5ADCC63D171D26840077F311 /* CFNetwork.framework */; };
		E30D774517218D7D0080A94A /* MainStoryboard_iPhone4.storyboard in Resources */ = {isa = PBXBuildFile; fileRef = E30D774417218D7D0080A94A /* MainStoryboard_iPhone4.storyboard */; };
		E30D774E172192580080A94A /* QuartzCore.framework in Frameworks */ = {isa = PBXBuildFile; fileRef = E30D774D172192580080A94A /* QuartzCore.framework */; };
		E35502DD172153550016821D /* ImageCollectionViewCell.m in Sources */ = {isa = PBXBuildFile; fileRef = E35502DC172153550016821D /* ImageCollectionViewCell.m */; };
		E355033C172173320016821D /* keyPhotoConfirmViewController.m in Sources */ = {isa = PBXBuildFile; fileRef = E355033B172173320016821D /* keyPhotoConfirmViewController.m */; };
		FA05966517314BA700DC96DE /* UICheckbox.m in Sources */ = {isa = PBXBuildFile; fileRef = FA05966017314BA700DC96DE /* UICheckbox.m */; };
		FA05966617314BA700DC96DE /* uicheckbox_checked.png in Resources */ = {isa = PBXBuildFile; fileRef = FA05966117314BA700DC96DE /* uicheckbox_checked.png */; };
		FA05966717314BA700DC96DE /* uicheckbox_checked@2x.png in Resources */ = {isa = PBXBuildFile; fileRef = FA05966217314BA700DC96DE /* uicheckbox_checked@2x.png */; };
		FA05966817314BA700DC96DE /* uicheckbox_unchecked.png in Resources */ = {isa = PBXBuildFile; fileRef = FA05966317314BA700DC96DE /* uicheckbox_unchecked.png */; };
		FA05966917314BA700DC96DE /* uicheckbox_unchecked@2x.png in Resources */ = {isa = PBXBuildFile; fileRef = FA05966417314BA700DC96DE /* uicheckbox_unchecked@2x.png */; };
		FA05966D173151FD00DC96DE /* FormViewController.m in Sources */ = {isa = PBXBuildFile; fileRef = FA05966C173151FD00DC96DE /* FormViewController.m */; };
		FA059670173155E100DC96DE /* formCell.m in Sources */ = {isa = PBXBuildFile; fileRef = FA05966F173155E100DC96DE /* formCell.m */; };
		FA1704071730587E00343C8C /* XMLParser.m in Sources */ = {isa = PBXBuildFile; fileRef = FA1704061730587E00343C8C /* XMLParser.m */; };
		FA2418331736684A00BA539F /* PagedScrollViewController.m in Sources */ = {isa = PBXBuildFile; fileRef = FA2418321736684A00BA539F /* PagedScrollViewController.m */; };
		FA24183B17366CF000BA539F /* photo1.png in Resources */ = {isa = PBXBuildFile; fileRef = FA24183517366CF000BA539F /* photo1.png */; };
		FA24183C17366CF000BA539F /* photo2.png in Resources */ = {isa = PBXBuildFile; fileRef = FA24183617366CF000BA539F /* photo2.png */; };
		FA24183D17366CF000BA539F /* photo3.png in Resources */ = {isa = PBXBuildFile; fileRef = FA24183717366CF000BA539F /* photo3.png */; };
		FA24183E17366CF000BA539F /* photo4.png in Resources */ = {isa = PBXBuildFile; fileRef = FA24183817366CF000BA539F /* photo4.png */; };
		FA24183F17366CF000BA539F /* photo5.png in Resources */ = {isa = PBXBuildFile; fileRef = FA24183917366CF000BA539F /* photo5.png */; };
		FA24184017366CF000BA539F /* slow.png in Resources */ = {isa = PBXBuildFile; fileRef = FA24183A17366CF000BA539F /* slow.png */; };
		FA64F9F9173117080077D2D0 /* ASIAuthenticationDialog.m in Sources */ = {isa = PBXBuildFile; fileRef = FA64F9BC173117080077D2D0 /* ASIAuthenticationDialog.m */; settings = {COMPILER_FLAGS = "-fno-objc-arc"; }; };
		FA64F9FA173117080077D2D0 /* ASIDownloadCache.m in Sources */ = {isa = PBXBuildFile; fileRef = FA64F9BF173117080077D2D0 /* ASIDownloadCache.m */; settings = {COMPILER_FLAGS = "-fno-objc-arc"; }; };
		FA64F9FB173117080077D2D0 /* ASIFormDataRequest.m in Sources */ = {isa = PBXBuildFile; fileRef = FA64F9C1173117080077D2D0 /* ASIFormDataRequest.m */; settings = {COMPILER_FLAGS = "-fno-objc-arc"; }; };
		FA64F9FC173117080077D2D0 /* ASIHTTPRequest.m in Sources */ = {isa = PBXBuildFile; fileRef = FA64F9C3173117080077D2D0 /* ASIHTTPRequest.m */; settings = {COMPILER_FLAGS = "-fno-objc-arc"; }; };
		FA64F9FD173117080077D2D0 /* ASIInputStream.m in Sources */ = {isa = PBXBuildFile; fileRef = FA64F9C7173117080077D2D0 /* ASIInputStream.m */; settings = {COMPILER_FLAGS = "-fno-objc-arc"; }; };
		FA64F9FE173117080077D2D0 /* ASINetworkQueue.m in Sources */ = {isa = PBXBuildFile; fileRef = FA64F9C9173117080077D2D0 /* ASINetworkQueue.m */; settings = {COMPILER_FLAGS = "-fno-objc-arc"; }; };
		FA64F9FF173117080077D2D0 /* Reachability.m in Sources */ = {isa = PBXBuildFile; fileRef = FA64F9CC173117080077D2D0 /* Reachability.m */; settings = {COMPILER_FLAGS = "-fno-objc-arc"; }; };
		FA64FA00173117080077D2D0 /* NSData+Additions.m in Sources */ = {isa = PBXBuildFile; fileRef = FA64F9CF173117080077D2D0 /* NSData+Additions.m */; };
		FA64FA01173117080077D2D0 /* NSString+Additions.m in Sources */ = {isa = PBXBuildFile; fileRef = FA64F9D2173117080077D2D0 /* NSString+Additions.m */; };
		FA64FA02173117080077D2D0 /* SVProgressHUD.bundle in Resources */ = {isa = PBXBuildFile; fileRef = FA64F9D4173117080077D2D0 /* SVProgressHUD.bundle */; };
		FA64FA03173117080077D2D0 /* SVProgressHUD.m in Sources */ = {isa = PBXBuildFile; fileRef = FA64F9D6173117080077D2D0 /* SVProgressHUD.m */; };
		FA64FA0917311E980077D2D0 /* CoreMedia.framework in Frameworks */ = {isa = PBXBuildFile; fileRef = 5ACB57F3172F937900CC6163 /* CoreMedia.framework */; };
		FA64FA0A17311EB10077D2D0 /* AVFoundation.framework in Frameworks */ = {isa = PBXBuildFile; fileRef = 5ACB57F1172F936E00CC6163 /* AVFoundation.framework */; };
		FA64FA0B17311EC90077D2D0 /* CoreLocation.framework in Frameworks */ = {isa = PBXBuildFile; fileRef = 5ADBFF1A171EE4B000B738B3 /* CoreLocation.framework */; };
		FA64FA0E17311EC90077D2D0 /* CoreAudio.framework in Frameworks */ = {isa = PBXBuildFile; fileRef = FA64FA0C17311EC90077D2D0 /* CoreAudio.framework */; };
		FA64FA0F17311EC90077D2D0 /* CoreFoundation.framework in Frameworks */ = {isa = PBXBuildFile; fileRef = FA64FA0D17311EC90077D2D0 /* CoreFoundation.framework */; };
		FA64FA1117311F560077D2D0 /* MobileCoreServices.framework in Frameworks */ = {isa = PBXBuildFile; fileRef = 5A1B4D9D171D286F00FBB0ED /* MobileCoreServices.framework */; };
		FAB3E6E01736D134007231C4 /* MediaPlayer.framework in Frameworks */ = {isa = PBXBuildFile; fileRef = 5A50DD4A17281CF400060DA7 /* MediaPlayer.framework */; };
		FAD564FD1731A04A0031748A /* testViewController.m in Sources */ = {isa = PBXBuildFile; fileRef = FAD564FC1731A04A0031748A /* testViewController.m */; };
/* End PBXBuildFile section */

/* Begin PBXContainerItemProxy section */
		5ACF178B171BDACF0097FC5A /* PBXContainerItemProxy */ = {
			isa = PBXContainerItemProxy;
			containerPortal = 5ACF1755171BDACE0097FC5A /* Project object */;
			proxyType = 1;
			remoteGlobalIDString = 5ACF175C171BDACE0097FC5A;
			remoteInfo = TraitWare;
		};
/* End PBXContainerItemProxy section */

/* Begin PBXFileReference section */
		5A1B4D9B171D284500FBB0ED /* SystemConfiguration.framework */ = {isa = PBXFileReference; lastKnownFileType = wrapper.framework; name = SystemConfiguration.framework; path = System/Library/Frameworks/SystemConfiguration.framework; sourceTree = SDKROOT; };
		5A1B4D9D171D286F00FBB0ED /* MobileCoreServices.framework */ = {isa = PBXFileReference; lastKnownFileType = wrapper.framework; name = MobileCoreServices.framework; path = System/Library/Frameworks/MobileCoreServices.framework; sourceTree = SDKROOT; };
		5A1B4D9F171D28A200FBB0ED /* libz.dylib */ = {isa = PBXFileReference; lastKnownFileType = "compiled.mach-o.dylib"; name = libz.dylib; path = usr/lib/libz.dylib; sourceTree = SDKROOT; };
		5A50DD2117281CCA00060DA7 /* CommonMethods.h */ = {isa = PBXFileReference; fileEncoding = 4; lastKnownFileType = sourcecode.c.h; path = CommonMethods.h; sourceTree = "<group>"; };
		5A50DD2217281CCA00060DA7 /* CommonMethods.m */ = {isa = PBXFileReference; fileEncoding = 4; lastKnownFileType = sourcecode.c.objc; path = CommonMethods.m; sourceTree = "<group>"; };
		5A50DD2317281CCA00060DA7 /* Constants.h */ = {isa = PBXFileReference; fileEncoding = 4; lastKnownFileType = sourcecode.c.h; path = Constants.h; sourceTree = "<group>"; };
		5A50DD2517281CCA00060DA7 /* NetworkManager.h */ = {isa = PBXFileReference; fileEncoding = 4; lastKnownFileType = sourcecode.c.h; path = NetworkManager.h; sourceTree = "<group>"; };
		5A50DD2617281CCA00060DA7 /* NetworkManager.m */ = {isa = PBXFileReference; fileEncoding = 4; lastKnownFileType = sourcecode.c.objc; path = NetworkManager.m; sourceTree = "<group>"; };
		5A50DD2717281CCA00060DA7 /* WebServicesManager.h */ = {isa = PBXFileReference; fileEncoding = 4; lastKnownFileType = sourcecode.c.h; path = WebServicesManager.h; sourceTree = "<group>"; };
		5A50DD2817281CCA00060DA7 /* WebServicesManager.m */ = {isa = PBXFileReference; fileEncoding = 4; lastKnownFileType = sourcecode.c.objc; path = WebServicesManager.m; sourceTree = "<group>"; };
		5A50DD2A17281CCA00060DA7 /* PhotosClass.h */ = {isa = PBXFileReference; fileEncoding = 4; lastKnownFileType = sourcecode.c.h; path = PhotosClass.h; sourceTree = "<group>"; };
		5A50DD2B17281CCA00060DA7 /* PhotosClass.m */ = {isa = PBXFileReference; fileEncoding = 4; lastKnownFileType = sourcecode.c.objc; path = PhotosClass.m; sourceTree = "<group>"; };
		5A50DD2C17281CCA00060DA7 /* webTransaction.h */ = {isa = PBXFileReference; fileEncoding = 4; lastKnownFileType = sourcecode.c.h; path = webTransaction.h; sourceTree = "<group>"; };
		5A50DD2D17281CCA00060DA7 /* webTransaction.m */ = {isa = PBXFileReference; fileEncoding = 4; lastKnownFileType = sourcecode.c.objc; path = webTransaction.m; sourceTree = "<group>"; };
		5A50DD2E17281CCA00060DA7 /* webTransactionItem.h */ = {isa = PBXFileReference; fileEncoding = 4; lastKnownFileType = sourcecode.c.h; path = webTransactionItem.h; sourceTree = "<group>"; };
		5A50DD2F17281CCA00060DA7 /* webTransactionItem.m */ = {isa = PBXFileReference; fileEncoding = 4; lastKnownFileType = sourcecode.c.objc; path = webTransactionItem.m; sourceTree = "<group>"; };
		5A50DD3017281CCA00060DA7 /* webTransactionVerification.h */ = {isa = PBXFileReference; fileEncoding = 4; lastKnownFileType = sourcecode.c.h; path = webTransactionVerification.h; sourceTree = "<group>"; };
		5A50DD3117281CCA00060DA7 /* webTransactionVerification.m */ = {isa = PBXFileReference; fileEncoding = 4; lastKnownFileType = sourcecode.c.objc; path = webTransactionVerification.m; sourceTree = "<group>"; };
		5A50DD4817281CEC00060DA7 /* AddressBookUI.framework */ = {isa = PBXFileReference; lastKnownFileType = wrapper.framework; name = AddressBookUI.framework; path = System/Library/Frameworks/AddressBookUI.framework; sourceTree = SDKROOT; };
		5A50DD4A17281CF400060DA7 /* MediaPlayer.framework */ = {isa = PBXFileReference; lastKnownFileType = wrapper.framework; name = MediaPlayer.framework; path = System/Library/Frameworks/MediaPlayer.framework; sourceTree = SDKROOT; };
		5A9DA8821727BC4F0049CC75 /* AddressBook.framework */ = {isa = PBXFileReference; lastKnownFileType = wrapper.framework; name = AddressBook.framework; path = System/Library/Frameworks/AddressBook.framework; sourceTree = SDKROOT; };
		5ACB57ED172F933800CC6163 /* CoreVideo.framework */ = {isa = PBXFileReference; lastKnownFileType = wrapper.framework; name = CoreVideo.framework; path = System/Library/Frameworks/CoreVideo.framework; sourceTree = SDKROOT; };
		5ACB57EF172F934900CC6163 /* libiconv.dylib */ = {isa = PBXFileReference; lastKnownFileType = "compiled.mach-o.dylib"; name = libiconv.dylib; path = usr/lib/libiconv.dylib; sourceTree = SDKROOT; };
		5ACB57F1172F936E00CC6163 /* AVFoundation.framework */ = {isa = PBXFileReference; lastKnownFileType = wrapper.framework; name = AVFoundation.framework; path = System/Library/Frameworks/AVFoundation.framework; sourceTree = SDKROOT; };
		5ACB57F3172F937900CC6163 /* CoreMedia.framework */ = {isa = PBXFileReference; lastKnownFileType = wrapper.framework; name = CoreMedia.framework; path = System/Library/Frameworks/CoreMedia.framework; sourceTree = SDKROOT; };
		5ACF175D171BDACE0097FC5A /* TraitWare.app */ = {isa = PBXFileReference; explicitFileType = wrapper.application; includeInIndex = 0; path = TraitWare.app; sourceTree = BUILT_PRODUCTS_DIR; };
		5ACF1760171BDACE0097FC5A /* UIKit.framework */ = {isa = PBXFileReference; lastKnownFileType = wrapper.framework; name = UIKit.framework; path = System/Library/Frameworks/UIKit.framework; sourceTree = SDKROOT; };
		5ACF1762171BDACE0097FC5A /* Foundation.framework */ = {isa = PBXFileReference; lastKnownFileType = wrapper.framework; name = Foundation.framework; path = System/Library/Frameworks/Foundation.framework; sourceTree = SDKROOT; };
		5ACF1764171BDACE0097FC5A /* CoreGraphics.framework */ = {isa = PBXFileReference; lastKnownFileType = wrapper.framework; name = CoreGraphics.framework; path = System/Library/Frameworks/CoreGraphics.framework; sourceTree = SDKROOT; };
		5ACF1768171BDACE0097FC5A /* TraitWare-Info.plist */ = {isa = PBXFileReference; lastKnownFileType = text.plist.xml; path = "TraitWare-Info.plist"; sourceTree = "<group>"; };
		5ACF176A171BDACE0097FC5A /* en */ = {isa = PBXFileReference; lastKnownFileType = text.plist.strings; name = en; path = en.lproj/InfoPlist.strings; sourceTree = "<group>"; };
		5ACF176C171BDACE0097FC5A /* main.m */ = {isa = PBXFileReference; lastKnownFileType = sourcecode.c.objc; path = main.m; sourceTree = "<group>"; };
		5ACF176E171BDACE0097FC5A /* TraitWare-Prefix.pch */ = {isa = PBXFileReference; lastKnownFileType = sourcecode.c.h; path = "TraitWare-Prefix.pch"; sourceTree = "<group>"; };
		5ACF176F171BDACE0097FC5A /* AppDelegate.h */ = {isa = PBXFileReference; lastKnownFileType = sourcecode.c.h; path = AppDelegate.h; sourceTree = "<group>"; };
		5ACF1770171BDACE0097FC5A /* AppDelegate.m */ = {isa = PBXFileReference; lastKnownFileType = sourcecode.c.objc; path = AppDelegate.m; sourceTree = "<group>"; };
		5ACF1772171BDACE0097FC5A /* Default.png */ = {isa = PBXFileReference; lastKnownFileType = image.png; path = Default.png; sourceTree = "<group>"; };
		5ACF1774171BDACE0097FC5A /* Default@2x.png */ = {isa = PBXFileReference; lastKnownFileType = image.png; path = "Default@2x.png"; sourceTree = "<group>"; };
		5ACF1776171BDACE0097FC5A /* Default-568h@2x.png */ = {isa = PBXFileReference; lastKnownFileType = image.png; path = "Default-568h@2x.png"; sourceTree = "<group>"; };
		5ACF1786171BDACF0097FC5A /* TraitWareTests.octest */ = {isa = PBXFileReference; explicitFileType = wrapper.cfbundle; includeInIndex = 0; path = TraitWareTests.octest; sourceTree = BUILT_PRODUCTS_DIR; };
		5ACF1787171BDACF0097FC5A /* SenTestingKit.framework */ = {isa = PBXFileReference; lastKnownFileType = wrapper.framework; name = SenTestingKit.framework; path = Library/Frameworks/SenTestingKit.framework; sourceTree = DEVELOPER_DIR; };
		5ACF178F171BDACF0097FC5A /* TraitWareTests-Info.plist */ = {isa = PBXFileReference; lastKnownFileType = text.plist.xml; path = "TraitWareTests-Info.plist"; sourceTree = "<group>"; };
		5ACF1791171BDACF0097FC5A /* en */ = {isa = PBXFileReference; lastKnownFileType = text.plist.strings; name = en; path = en.lproj/InfoPlist.strings; sourceTree = "<group>"; };
		5ACF1793171BDACF0097FC5A /* TraitWareTests.h */ = {isa = PBXFileReference; lastKnownFileType = sourcecode.c.h; path = TraitWareTests.h; sourceTree = "<group>"; };
		5ACF1794171BDACF0097FC5A /* TraitWareTests.m */ = {isa = PBXFileReference; lastKnownFileType = sourcecode.c.objc; path = TraitWareTests.m; sourceTree = "<group>"; };
		5ADBFF1A171EE4B000B738B3 /* CoreLocation.framework */ = {isa = PBXFileReference; lastKnownFileType = wrapper.framework; name = CoreLocation.framework; path = System/Library/Frameworks/CoreLocation.framework; sourceTree = SDKROOT; };
		5ADCC5A2171D108C0077F311 /* KeyPicturesViewController.h */ = {isa = PBXFileReference; fileEncoding = 4; lastKnownFileType = sourcecode.c.h; path = KeyPicturesViewController.h; sourceTree = "<group>"; };
		5ADCC5A3171D108C0077F311 /* KeyPicturesViewController.m */ = {isa = PBXFileReference; fileEncoding = 4; lastKnownFileType = sourcecode.c.objc; path = KeyPicturesViewController.m; sourceTree = "<group>"; };
		5ADCC63D171D26840077F311 /* CFNetwork.framework */ = {isa = PBXFileReference; lastKnownFileType = wrapper.framework; name = CFNetwork.framework; path = System/Library/Frameworks/CFNetwork.framework; sourceTree = SDKROOT; };
		E30D774417218D7D0080A94A /* MainStoryboard_iPhone4.storyboard */ = {isa = PBXFileReference; fileEncoding = 4; lastKnownFileType = file.storyboard; path = MainStoryboard_iPhone4.storyboard; sourceTree = "<group>"; };
		E30D774D172192580080A94A /* QuartzCore.framework */ = {isa = PBXFileReference; lastKnownFileType = wrapper.framework; name = QuartzCore.framework; path = System/Library/Frameworks/QuartzCore.framework; sourceTree = SDKROOT; };
		E35502DB172153550016821D /* ImageCollectionViewCell.h */ = {isa = PBXFileReference; fileEncoding = 4; lastKnownFileType = sourcecode.c.h; path = ImageCollectionViewCell.h; sourceTree = "<group>"; };
		E35502DC172153550016821D /* ImageCollectionViewCell.m */ = {isa = PBXFileReference; fileEncoding = 4; lastKnownFileType = sourcecode.c.objc; path = ImageCollectionViewCell.m; sourceTree = "<group>"; };
		E355033A172173320016821D /* keyPhotoConfirmViewController.h */ = {isa = PBXFileReference; fileEncoding = 4; lastKnownFileType = sourcecode.c.h; path = keyPhotoConfirmViewController.h; sourceTree = "<group>"; };
		E355033B172173320016821D /* keyPhotoConfirmViewController.m */ = {isa = PBXFileReference; fileEncoding = 4; lastKnownFileType = sourcecode.c.objc; path = keyPhotoConfirmViewController.m; sourceTree = "<group>"; };
		FA05965F17314BA700DC96DE /* UICheckbox.h */ = {isa = PBXFileReference; fileEncoding = 4; lastKnownFileType = sourcecode.c.h; path = UICheckbox.h; sourceTree = "<group>"; };
		FA05966017314BA700DC96DE /* UICheckbox.m */ = {isa = PBXFileReference; fileEncoding = 4; lastKnownFileType = sourcecode.c.objc; path = UICheckbox.m; sourceTree = "<group>"; };
		FA05966117314BA700DC96DE /* uicheckbox_checked.png */ = {isa = PBXFileReference; lastKnownFileType = image.png; path = uicheckbox_checked.png; sourceTree = "<group>"; };
		FA05966217314BA700DC96DE /* uicheckbox_checked@2x.png */ = {isa = PBXFileReference; lastKnownFileType = image.png; path = "uicheckbox_checked@2x.png"; sourceTree = "<group>"; };
		FA05966317314BA700DC96DE /* uicheckbox_unchecked.png */ = {isa = PBXFileReference; lastKnownFileType = image.png; path = uicheckbox_unchecked.png; sourceTree = "<group>"; };
		FA05966417314BA700DC96DE /* uicheckbox_unchecked@2x.png */ = {isa = PBXFileReference; lastKnownFileType = image.png; path = "uicheckbox_unchecked@2x.png"; sourceTree = "<group>"; };
		FA05966B173151FD00DC96DE /* FormViewController.h */ = {isa = PBXFileReference; fileEncoding = 4; lastKnownFileType = sourcecode.c.h; path = FormViewController.h; sourceTree = "<group>"; };
		FA05966C173151FD00DC96DE /* FormViewController.m */ = {isa = PBXFileReference; fileEncoding = 4; lastKnownFileType = sourcecode.c.objc; path = FormViewController.m; sourceTree = "<group>"; };
		FA05966E173155E100DC96DE /* formCell.h */ = {isa = PBXFileReference; fileEncoding = 4; lastKnownFileType = sourcecode.c.h; path = formCell.h; sourceTree = "<group>"; };
		FA05966F173155E100DC96DE /* formCell.m */ = {isa = PBXFileReference; fileEncoding = 4; lastKnownFileType = sourcecode.c.objc; path = formCell.m; sourceTree = "<group>"; };
		FA1704051730587E00343C8C /* XMLParser.h */ = {isa = PBXFileReference; fileEncoding = 4; lastKnownFileType = sourcecode.c.h; path = XMLParser.h; sourceTree = "<group>"; };
		FA1704061730587E00343C8C /* XMLParser.m */ = {isa = PBXFileReference; fileEncoding = 4; lastKnownFileType = sourcecode.c.objc; path = XMLParser.m; sourceTree = "<group>"; };
		FA2418311736684900BA539F /* PagedScrollViewController.h */ = {isa = PBXFileReference; fileEncoding = 4; lastKnownFileType = sourcecode.c.h; path = PagedScrollViewController.h; sourceTree = "<group>"; };
		FA2418321736684A00BA539F /* PagedScrollViewController.m */ = {isa = PBXFileReference; fileEncoding = 4; lastKnownFileType = sourcecode.c.objc; path = PagedScrollViewController.m; sourceTree = "<group>"; };
		FA24183517366CF000BA539F /* photo1.png */ = {isa = PBXFileReference; lastKnownFileType = image.png; path = photo1.png; sourceTree = "<group>"; };
		FA24183617366CF000BA539F /* photo2.png */ = {isa = PBXFileReference; lastKnownFileType = image.png; path = photo2.png; sourceTree = "<group>"; };
		FA24183717366CF000BA539F /* photo3.png */ = {isa = PBXFileReference; lastKnownFileType = image.png; path = photo3.png; sourceTree = "<group>"; };
		FA24183817366CF000BA539F /* photo4.png */ = {isa = PBXFileReference; lastKnownFileType = image.png; path = photo4.png; sourceTree = "<group>"; };
		FA24183917366CF000BA539F /* photo5.png */ = {isa = PBXFileReference; lastKnownFileType = image.png; path = photo5.png; sourceTree = "<group>"; };
		FA24183A17366CF000BA539F /* slow.png */ = {isa = PBXFileReference; lastKnownFileType = image.png; path = slow.png; sourceTree = "<group>"; };
		FA64F9BB173117080077D2D0 /* ASIAuthenticationDialog.h */ = {isa = PBXFileReference; fileEncoding = 4; lastKnownFileType = sourcecode.c.h; path = ASIAuthenticationDialog.h; sourceTree = "<group>"; };
		FA64F9BC173117080077D2D0 /* ASIAuthenticationDialog.m */ = {isa = PBXFileReference; fileEncoding = 4; lastKnownFileType = sourcecode.c.objc; path = ASIAuthenticationDialog.m; sourceTree = "<group>"; };
		FA64F9BD173117080077D2D0 /* ASICacheDelegate.h */ = {isa = PBXFileReference; fileEncoding = 4; lastKnownFileType = sourcecode.c.h; path = ASICacheDelegate.h; sourceTree = "<group>"; };
		FA64F9BE173117080077D2D0 /* ASIDownloadCache.h */ = {isa = PBXFileReference; fileEncoding = 4; lastKnownFileType = sourcecode.c.h; path = ASIDownloadCache.h; sourceTree = "<group>"; };
		FA64F9BF173117080077D2D0 /* ASIDownloadCache.m */ = {isa = PBXFileReference; fileEncoding = 4; lastKnownFileType = sourcecode.c.objc; path = ASIDownloadCache.m; sourceTree = "<group>"; };
		FA64F9C0173117080077D2D0 /* ASIFormDataRequest.h */ = {isa = PBXFileReference; fileEncoding = 4; lastKnownFileType = sourcecode.c.h; path = ASIFormDataRequest.h; sourceTree = "<group>"; };
		FA64F9C1173117080077D2D0 /* ASIFormDataRequest.m */ = {isa = PBXFileReference; fileEncoding = 4; lastKnownFileType = sourcecode.c.objc; path = ASIFormDataRequest.m; sourceTree = "<group>"; };
		FA64F9C2173117080077D2D0 /* ASIHTTPRequest.h */ = {isa = PBXFileReference; fileEncoding = 4; lastKnownFileType = sourcecode.c.h; path = ASIHTTPRequest.h; sourceTree = "<group>"; };
		FA64F9C3173117080077D2D0 /* ASIHTTPRequest.m */ = {isa = PBXFileReference; fileEncoding = 4; lastKnownFileType = sourcecode.c.objc; path = ASIHTTPRequest.m; sourceTree = "<group>"; };
		FA64F9C4173117080077D2D0 /* ASIHTTPRequestConfig.h */ = {isa = PBXFileReference; fileEncoding = 4; lastKnownFileType = sourcecode.c.h; path = ASIHTTPRequestConfig.h; sourceTree = "<group>"; };
		FA64F9C5173117080077D2D0 /* ASIHTTPRequestDelegate.h */ = {isa = PBXFileReference; fileEncoding = 4; lastKnownFileType = sourcecode.c.h; path = ASIHTTPRequestDelegate.h; sourceTree = "<group>"; };
		FA64F9C6173117080077D2D0 /* ASIInputStream.h */ = {isa = PBXFileReference; fileEncoding = 4; lastKnownFileType = sourcecode.c.h; path = ASIInputStream.h; sourceTree = "<group>"; };
		FA64F9C7173117080077D2D0 /* ASIInputStream.m */ = {isa = PBXFileReference; fileEncoding = 4; lastKnownFileType = sourcecode.c.objc; path = ASIInputStream.m; sourceTree = "<group>"; };
		FA64F9C8173117080077D2D0 /* ASINetworkQueue.h */ = {isa = PBXFileReference; fileEncoding = 4; lastKnownFileType = sourcecode.c.h; path = ASINetworkQueue.h; sourceTree = "<group>"; };
		FA64F9C9173117080077D2D0 /* ASINetworkQueue.m */ = {isa = PBXFileReference; fileEncoding = 4; lastKnownFileType = sourcecode.c.objc; path = ASINetworkQueue.m; sourceTree = "<group>"; };
		FA64F9CA173117080077D2D0 /* ASIProgressDelegate.h */ = {isa = PBXFileReference; fileEncoding = 4; lastKnownFileType = sourcecode.c.h; path = ASIProgressDelegate.h; sourceTree = "<group>"; };
		FA64F9CB173117080077D2D0 /* Reachability.h */ = {isa = PBXFileReference; fileEncoding = 4; lastKnownFileType = sourcecode.c.h; path = Reachability.h; sourceTree = "<group>"; };
		FA64F9CC173117080077D2D0 /* Reachability.m */ = {isa = PBXFileReference; fileEncoding = 4; lastKnownFileType = sourcecode.c.objc; path = Reachability.m; sourceTree = "<group>"; };
		FA64F9CE173117080077D2D0 /* NSData+Additions.h */ = {isa = PBXFileReference; fileEncoding = 4; lastKnownFileType = sourcecode.c.h; path = "NSData+Additions.h"; sourceTree = "<group>"; };
		FA64F9CF173117080077D2D0 /* NSData+Additions.m */ = {isa = PBXFileReference; fileEncoding = 4; lastKnownFileType = sourcecode.c.objc; path = "NSData+Additions.m"; sourceTree = "<group>"; };
		FA64F9D1173117080077D2D0 /* NSString+Additions.h */ = {isa = PBXFileReference; fileEncoding = 4; lastKnownFileType = sourcecode.c.h; path = "NSString+Additions.h"; sourceTree = "<group>"; };
		FA64F9D2173117080077D2D0 /* NSString+Additions.m */ = {isa = PBXFileReference; fileEncoding = 4; lastKnownFileType = sourcecode.c.objc; path = "NSString+Additions.m"; sourceTree = "<group>"; };
		FA64F9D4173117080077D2D0 /* SVProgressHUD.bundle */ = {isa = PBXFileReference; lastKnownFileType = "wrapper.plug-in"; path = SVProgressHUD.bundle; sourceTree = "<group>"; };
		FA64F9D5173117080077D2D0 /* SVProgressHUD.h */ = {isa = PBXFileReference; fileEncoding = 4; lastKnownFileType = sourcecode.c.h; path = SVProgressHUD.h; sourceTree = "<group>"; };
		FA64F9D6173117080077D2D0 /* SVProgressHUD.m */ = {isa = PBXFileReference; fileEncoding = 4; lastKnownFileType = sourcecode.c.objc; path = SVProgressHUD.m; sourceTree = "<group>"; };
		FA64FA0C17311EC90077D2D0 /* CoreAudio.framework */ = {isa = PBXFileReference; lastKnownFileType = wrapper.framework; name = CoreAudio.framework; path = System/Library/Frameworks/CoreAudio.framework; sourceTree = SDKROOT; };
		FA64FA0D17311EC90077D2D0 /* CoreFoundation.framework */ = {isa = PBXFileReference; lastKnownFileType = wrapper.framework; name = CoreFoundation.framework; path = System/Library/Frameworks/CoreFoundation.framework; sourceTree = SDKROOT; };
		FAD564FB1731A04A0031748A /* testViewController.h */ = {isa = PBXFileReference; fileEncoding = 4; lastKnownFileType = sourcecode.c.h; path = testViewController.h; sourceTree = "<group>"; };
		FAD564FC1731A04A0031748A /* testViewController.m */ = {isa = PBXFileReference; fileEncoding = 4; lastKnownFileType = sourcecode.c.objc; path = testViewController.m; sourceTree = "<group>"; };
/* End PBXFileReference section */

/* Begin PBXFrameworksBuildPhase section */
		5ACF175A171BDACE0097FC5A /* Frameworks */ = {
			isa = PBXFrameworksBuildPhase;
			buildActionMask = 2147483647;
			files = (
				FAB3E6E01736D134007231C4 /* MediaPlayer.framework in Frameworks */,
				FA64FA1117311F560077D2D0 /* MobileCoreServices.framework in Frameworks */,
				FA64FA0E17311EC90077D2D0 /* CoreAudio.framework in Frameworks */,
				FA64FA0F17311EC90077D2D0 /* CoreFoundation.framework in Frameworks */,
				5ACF1765171BDACE0097FC5A /* CoreGraphics.framework in Frameworks */,
				FA64FA0B17311EC90077D2D0 /* CoreLocation.framework in Frameworks */,
				FA64FA0917311E980077D2D0 /* CoreMedia.framework in Frameworks */,
				FA64FA0A17311EB10077D2D0 /* AVFoundation.framework in Frameworks */,
				E30D774E172192580080A94A /* QuartzCore.framework in Frameworks */,
				5ACB57F0172F934900CC6163 /* libiconv.dylib in Frameworks */,
				5A1B4DA0171D28A200FBB0ED /* libz.dylib in Frameworks */,
				5A1B4D9C171D284500FBB0ED /* SystemConfiguration.framework in Frameworks */,
				5ADCC63E171D26840077F311 /* CFNetwork.framework in Frameworks */,
				5ACF1761171BDACE0097FC5A /* UIKit.framework in Frameworks */,
			);
			runOnlyForDeploymentPostprocessing = 0;
		};
		5ACF1782171BDACF0097FC5A /* Frameworks */ = {
			isa = PBXFrameworksBuildPhase;
			buildActionMask = 2147483647;
			files = (
				5ACF1788171BDACF0097FC5A /* SenTestingKit.framework in Frameworks */,
				5ACF1789171BDACF0097FC5A /* UIKit.framework in Frameworks */,
				5ACF178A171BDACF0097FC5A /* Foundation.framework in Frameworks */,
			);
			runOnlyForDeploymentPostprocessing = 0;
		};
/* End PBXFrameworksBuildPhase section */

/* Begin PBXGroup section */
		5A50DD1F17281CCA00060DA7 /* AppClasses */ = {
			isa = PBXGroup;
			children = (
				FA64F9B0173117080077D2D0 /* 3rdParty */,
				5A50DD2017281CCA00060DA7 /* Common */,
				5A50DD2417281CCA00060DA7 /* Network */,
				5A50DD2917281CCA00060DA7 /* Objects */,
			);
			path = AppClasses;
			sourceTree = "<group>";
		};
		5A50DD2017281CCA00060DA7 /* Common */ = {
			isa = PBXGroup;
			children = (
				5A50DD2117281CCA00060DA7 /* CommonMethods.h */,
				5A50DD2217281CCA00060DA7 /* CommonMethods.m */,
				5A50DD2317281CCA00060DA7 /* Constants.h */,
			);
			path = Common;
			sourceTree = "<group>";
		};
		5A50DD2417281CCA00060DA7 /* Network */ = {
			isa = PBXGroup;
			children = (
				5A50DD2517281CCA00060DA7 /* NetworkManager.h */,
				5A50DD2617281CCA00060DA7 /* NetworkManager.m */,
				5A50DD2717281CCA00060DA7 /* WebServicesManager.h */,
				5A50DD2817281CCA00060DA7 /* WebServicesManager.m */,
				FA1704051730587E00343C8C /* XMLParser.h */,
				FA1704061730587E00343C8C /* XMLParser.m */,
			);
			path = Network;
			sourceTree = "<group>";
		};
		5A50DD2917281CCA00060DA7 /* Objects */ = {
			isa = PBXGroup;
			children = (
				5A50DD2A17281CCA00060DA7 /* PhotosClass.h */,
				5A50DD2B17281CCA00060DA7 /* PhotosClass.m */,
				5A50DD2C17281CCA00060DA7 /* webTransaction.h */,
				5A50DD2D17281CCA00060DA7 /* webTransaction.m */,
				5A50DD2E17281CCA00060DA7 /* webTransactionItem.h */,
				5A50DD2F17281CCA00060DA7 /* webTransactionItem.m */,
				5A50DD3017281CCA00060DA7 /* webTransactionVerification.h */,
				5A50DD3117281CCA00060DA7 /* webTransactionVerification.m */,
			);
			path = Objects;
			sourceTree = "<group>";
		};
		5ACF1754171BDACE0097FC5A = {
			isa = PBXGroup;
			children = (
				5ACF1766171BDACE0097FC5A /* TraitWare */,
				5ACF178D171BDACF0097FC5A /* TraitWareTests */,
				5ACF175F171BDACE0097FC5A /* Frameworks */,
				5ACF175E171BDACE0097FC5A /* Products */,
			);
			sourceTree = "<group>";
		};
		5ACF175E171BDACE0097FC5A /* Products */ = {
			isa = PBXGroup;
			children = (
				5ACF175D171BDACE0097FC5A /* TraitWare.app */,
				5ACF1786171BDACF0097FC5A /* TraitWareTests.octest */,
			);
			name = Products;
			sourceTree = "<group>";
		};
		5ACF175F171BDACE0097FC5A /* Frameworks */ = {
			isa = PBXGroup;
			children = (
				FA64FA0C17311EC90077D2D0 /* CoreAudio.framework */,
				FA64FA0D17311EC90077D2D0 /* CoreFoundation.framework */,
				5ACB57F3172F937900CC6163 /* CoreMedia.framework */,
				5ACB57F1172F936E00CC6163 /* AVFoundation.framework */,
				5ACB57EF172F934900CC6163 /* libiconv.dylib */,
				5ACB57ED172F933800CC6163 /* CoreVideo.framework */,
				5A50DD4A17281CF400060DA7 /* MediaPlayer.framework */,
				5A50DD4817281CEC00060DA7 /* AddressBookUI.framework */,
				5A9DA8821727BC4F0049CC75 /* AddressBook.framework */,
				E30D774D172192580080A94A /* QuartzCore.framework */,
				5ADBFF1A171EE4B000B738B3 /* CoreLocation.framework */,
				5A1B4D9F171D28A200FBB0ED /* libz.dylib */,
				5A1B4D9D171D286F00FBB0ED /* MobileCoreServices.framework */,
				5A1B4D9B171D284500FBB0ED /* SystemConfiguration.framework */,
				5ADCC63D171D26840077F311 /* CFNetwork.framework */,
				5ACF1760171BDACE0097FC5A /* UIKit.framework */,
				5ACF1762171BDACE0097FC5A /* Foundation.framework */,
				5ACF1764171BDACE0097FC5A /* CoreGraphics.framework */,
				5ACF1787171BDACF0097FC5A /* SenTestingKit.framework */,
			);
			name = Frameworks;
			sourceTree = "<group>";
		};
		5ACF1766171BDACE0097FC5A /* TraitWare */ = {
			isa = PBXGroup;
			children = (
				FA24183417366CF000BA539F /* images */,
				FA05966A173151D800DC96DE /* Forms */,
				E353324A1726B8FA00A33476 /* Classes */,
				E30D774417218D7D0080A94A /* MainStoryboard_iPhone4.storyboard */,
				E3550339172173120016821D /* KeyPhotoConfirmation */,
				5ADCC5A1171D108C0077F311 /* KeyPicturesView */,
				5ACF176F171BDACE0097FC5A /* AppDelegate.h */,
				5ACF1770171BDACE0097FC5A /* AppDelegate.m */,
				5ACF1767171BDACE0097FC5A /* Supporting Files */,
			);
			path = TraitWare;
			sourceTree = "<group>";
		};
		5ACF1767171BDACE0097FC5A /* Supporting Files */ = {
			isa = PBXGroup;
			children = (
				5ACF1768171BDACE0097FC5A /* TraitWare-Info.plist */,
				5ACF1769171BDACE0097FC5A /* InfoPlist.strings */,
				5ACF176C171BDACE0097FC5A /* main.m */,
				5ACF176E171BDACE0097FC5A /* TraitWare-Prefix.pch */,
				5ACF1772171BDACE0097FC5A /* Default.png */,
				5ACF1774171BDACE0097FC5A /* Default@2x.png */,
				5ACF1776171BDACE0097FC5A /* Default-568h@2x.png */,
			);
			name = "Supporting Files";
			sourceTree = "<group>";
		};
		5ACF178D171BDACF0097FC5A /* TraitWareTests */ = {
			isa = PBXGroup;
			children = (
				5ACF1793171BDACF0097FC5A /* TraitWareTests.h */,
				5ACF1794171BDACF0097FC5A /* TraitWareTests.m */,
				5ACF178E171BDACF0097FC5A /* Supporting Files */,
			);
			path = TraitWareTests;
			sourceTree = "<group>";
		};
		5ACF178E171BDACF0097FC5A /* Supporting Files */ = {
			isa = PBXGroup;
			children = (
				5ACF178F171BDACF0097FC5A /* TraitWareTests-Info.plist */,
				5ACF1790171BDACF0097FC5A /* InfoPlist.strings */,
			);
			name = "Supporting Files";
			sourceTree = "<group>";
		};
		5ADCC5A1171D108C0077F311 /* KeyPicturesView */ = {
			isa = PBXGroup;
			children = (
				5ADCC5A2171D108C0077F311 /* KeyPicturesViewController.h */,
				5ADCC5A3171D108C0077F311 /* KeyPicturesViewController.m */,
				E35502DB172153550016821D /* ImageCollectionViewCell.h */,
				E35502DC172153550016821D /* ImageCollectionViewCell.m */,
			);
			path = KeyPicturesView;
			sourceTree = "<group>";
		};
		E353324A1726B8FA00A33476 /* Classes */ = {
			isa = PBXGroup;
			children = (
				5A50DD1F17281CCA00060DA7 /* AppClasses */,
			);
			path = Classes;
			sourceTree = "<group>";
		};
		E3550339172173120016821D /* KeyPhotoConfirmation */ = {
			isa = PBXGroup;
			children = (
				E355033A172173320016821D /* keyPhotoConfirmViewController.h */,
				E355033B172173320016821D /* keyPhotoConfirmViewController.m */,
				FA2418311736684900BA539F /* PagedScrollViewController.h */,
				FA2418321736684A00BA539F /* PagedScrollViewController.m */,
			);
			path = KeyPhotoConfirmation;
			sourceTree = "<group>";
		};
		FA05965E17314BA700DC96DE /* UICheckbox */ = {
			isa = PBXGroup;
			children = (
				FA05965F17314BA700DC96DE /* UICheckbox.h */,
				FA05966017314BA700DC96DE /* UICheckbox.m */,
				FA05966117314BA700DC96DE /* uicheckbox_checked.png */,
				FA05966217314BA700DC96DE /* uicheckbox_checked@2x.png */,
				FA05966317314BA700DC96DE /* uicheckbox_unchecked.png */,
				FA05966417314BA700DC96DE /* uicheckbox_unchecked@2x.png */,
			);
			name = UICheckbox;
			path = TraitWare/Classes/3rdParty/UICheckbox;
			sourceTree = SOURCE_ROOT;
		};
		FA05966A173151D800DC96DE /* Forms */ = {
			isa = PBXGroup;
			children = (
				FA05966B173151FD00DC96DE /* FormViewController.h */,
				FA05966C173151FD00DC96DE /* FormViewController.m */,
				FA05966E173155E100DC96DE /* formCell.h */,
				FA05966F173155E100DC96DE /* formCell.m */,
				FAD564FB1731A04A0031748A /* testViewController.h */,
				FAD564FC1731A04A0031748A /* testViewController.m */,
			);
			path = Forms;
			sourceTree = "<group>";
		};
		FA24183417366CF000BA539F /* images */ = {
			isa = PBXGroup;
			children = (
				FA24183517366CF000BA539F /* photo1.png */,
				FA24183617366CF000BA539F /* photo2.png */,
				FA24183717366CF000BA539F /* photo3.png */,
				FA24183817366CF000BA539F /* photo4.png */,
				FA24183917366CF000BA539F /* photo5.png */,
				FA24183A17366CF000BA539F /* slow.png */,
			);
			path = images;
			sourceTree = "<group>";
		};
		FA64F9B0173117080077D2D0 /* 3rdParty */ = {
			isa = PBXGroup;
			children = (
				FA05965E17314BA700DC96DE /* UICheckbox */,
				FA64F9BA173117080077D2D0 /* ASIHTTPRequest */,
				FA64F9CD173117080077D2D0 /* NSData+Addition */,
				FA64F9D0173117080077D2D0 /* NSString+Addition */,
				FA64F9D3173117080077D2D0 /* SVProgressHUD */,
			);
			path = 3rdParty;
			sourceTree = "<group>";
		};
		FA64F9BA173117080077D2D0 /* ASIHTTPRequest */ = {
			isa = PBXGroup;
			children = (
				FA64F9BB173117080077D2D0 /* ASIAuthenticationDialog.h */,
				FA64F9BC173117080077D2D0 /* ASIAuthenticationDialog.m */,
				FA64F9BD173117080077D2D0 /* ASICacheDelegate.h */,
				FA64F9BE173117080077D2D0 /* ASIDownloadCache.h */,
				FA64F9BF173117080077D2D0 /* ASIDownloadCache.m */,
				FA64F9C0173117080077D2D0 /* ASIFormDataRequest.h */,
				FA64F9C1173117080077D2D0 /* ASIFormDataRequest.m */,
				FA64F9C2173117080077D2D0 /* ASIHTTPRequest.h */,
				FA64F9C3173117080077D2D0 /* ASIHTTPRequest.m */,
				FA64F9C4173117080077D2D0 /* ASIHTTPRequestConfig.h */,
				FA64F9C5173117080077D2D0 /* ASIHTTPRequestDelegate.h */,
				FA64F9C6173117080077D2D0 /* ASIInputStream.h */,
				FA64F9C7173117080077D2D0 /* ASIInputStream.m */,
				FA64F9C8173117080077D2D0 /* ASINetworkQueue.h */,
				FA64F9C9173117080077D2D0 /* ASINetworkQueue.m */,
				FA64F9CA173117080077D2D0 /* ASIProgressDelegate.h */,
				FA64F9CB173117080077D2D0 /* Reachability.h */,
				FA64F9CC173117080077D2D0 /* Reachability.m */,
			);
			path = ASIHTTPRequest;
			sourceTree = "<group>";
		};
		FA64F9CD173117080077D2D0 /* NSData+Addition */ = {
			isa = PBXGroup;
			children = (
				FA64F9CE173117080077D2D0 /* NSData+Additions.h */,
				FA64F9CF173117080077D2D0 /* NSData+Additions.m */,
			);
			path = "NSData+Addition";
			sourceTree = "<group>";
		};
		FA64F9D0173117080077D2D0 /* NSString+Addition */ = {
			isa = PBXGroup;
			children = (
				FA64F9D1173117080077D2D0 /* NSString+Additions.h */,
				FA64F9D2173117080077D2D0 /* NSString+Additions.m */,
			);
			path = "NSString+Addition";
			sourceTree = "<group>";
		};
		FA64F9D3173117080077D2D0 /* SVProgressHUD */ = {
			isa = PBXGroup;
			children = (
				FA64F9D4173117080077D2D0 /* SVProgressHUD.bundle */,
				FA64F9D5173117080077D2D0 /* SVProgressHUD.h */,
				FA64F9D6173117080077D2D0 /* SVProgressHUD.m */,
			);
			path = SVProgressHUD;
			sourceTree = "<group>";
		};
/* End PBXGroup section */

/* Begin PBXNativeTarget section */
		5ACF175C171BDACE0097FC5A /* TraitWare */ = {
			isa = PBXNativeTarget;
			buildConfigurationList = 5ACF1798171BDACF0097FC5A /* Build configuration list for PBXNativeTarget "TraitWare" */;
			buildPhases = (
				5ACF1759171BDACE0097FC5A /* Sources */,
				5ACF175A171BDACE0097FC5A /* Frameworks */,
				5ACF175B171BDACE0097FC5A /* Resources */,
			);
			buildRules = (
			);
			dependencies = (
			);
			name = TraitWare;
			productName = TraitWare;
			productReference = 5ACF175D171BDACE0097FC5A /* TraitWare.app */;
			productType = "com.apple.product-type.application";
		};
		5ACF1785171BDACF0097FC5A /* TraitWareTests */ = {
			isa = PBXNativeTarget;
			buildConfigurationList = 5ACF179B171BDACF0097FC5A /* Build configuration list for PBXNativeTarget "TraitWareTests" */;
			buildPhases = (
				5ACF1781171BDACF0097FC5A /* Sources */,
				5ACF1782171BDACF0097FC5A /* Frameworks */,
				5ACF1783171BDACF0097FC5A /* Resources */,
				5ACF1784171BDACF0097FC5A /* ShellScript */,
			);
			buildRules = (
			);
			dependencies = (
				5ACF178C171BDACF0097FC5A /* PBXTargetDependency */,
			);
			name = TraitWareTests;
			productName = TraitWareTests;
			productReference = 5ACF1786171BDACF0097FC5A /* TraitWareTests.octest */;
			productType = "com.apple.product-type.bundle";
		};
/* End PBXNativeTarget section */

/* Begin PBXProject section */
		5ACF1755171BDACE0097FC5A /* Project object */ = {
			isa = PBXProject;
			attributes = {
				LastUpgradeCheck = 0460;
				ORGANIZATIONNAME = Ruvato;
			};
			buildConfigurationList = 5ACF1758171BDACE0097FC5A /* Build configuration list for PBXProject "TraitWare" */;
			compatibilityVersion = "Xcode 3.2";
			developmentRegion = English;
			hasScannedForEncodings = 0;
			knownRegions = (
				en,
			);
			mainGroup = 5ACF1754171BDACE0097FC5A;
			productRefGroup = 5ACF175E171BDACE0097FC5A /* Products */;
			projectDirPath = "";
			projectRoot = "";
			targets = (
				5ACF175C171BDACE0097FC5A /* TraitWare */,
				5ACF1785171BDACF0097FC5A /* TraitWareTests */,
			);
		};
/* End PBXProject section */

/* Begin PBXResourcesBuildPhase section */
		5ACF175B171BDACE0097FC5A /* Resources */ = {
			isa = PBXResourcesBuildPhase;
			buildActionMask = 2147483647;
			files = (
				5ACF176B171BDACE0097FC5A /* InfoPlist.strings in Resources */,
				5ACF1773171BDACE0097FC5A /* Default.png in Resources */,
				5ACF1775171BDACE0097FC5A /* Default@2x.png in Resources */,
				5ACF1777171BDACE0097FC5A /* Default-568h@2x.png in Resources */,
				E30D774517218D7D0080A94A /* MainStoryboard_iPhone4.storyboard in Resources */,
				FA64FA02173117080077D2D0 /* SVProgressHUD.bundle in Resources */,
				FA05966617314BA700DC96DE /* uicheckbox_checked.png in Resources */,
				FA05966717314BA700DC96DE /* uicheckbox_checked@2x.png in Resources */,
				FA05966817314BA700DC96DE /* uicheckbox_unchecked.png in Resources */,
				FA05966917314BA700DC96DE /* uicheckbox_unchecked@2x.png in Resources */,
				FA24183B17366CF000BA539F /* photo1.png in Resources */,
				FA24183C17366CF000BA539F /* photo2.png in Resources */,
				FA24183D17366CF000BA539F /* photo3.png in Resources */,
				FA24183E17366CF000BA539F /* photo4.png in Resources */,
				FA24183F17366CF000BA539F /* photo5.png in Resources */,
				FA24184017366CF000BA539F /* slow.png in Resources */,
			);
			runOnlyForDeploymentPostprocessing = 0;
		};
		5ACF1783171BDACF0097FC5A /* Resources */ = {
			isa = PBXResourcesBuildPhase;
			buildActionMask = 2147483647;
			files = (
				5ACF1792171BDACF0097FC5A /* InfoPlist.strings in Resources */,
			);
			runOnlyForDeploymentPostprocessing = 0;
		};
/* End PBXResourcesBuildPhase section */

/* Begin PBXShellScriptBuildPhase section */
		5ACF1784171BDACF0097FC5A /* ShellScript */ = {
			isa = PBXShellScriptBuildPhase;
			buildActionMask = 2147483647;
			files = (
			);
			inputPaths = (
			);
			outputPaths = (
			);
			runOnlyForDeploymentPostprocessing = 0;
			shellPath = /bin/sh;
			shellScript = "# Run the unit tests in this test bundle.\n\"${SYSTEM_DEVELOPER_DIR}/Tools/RunUnitTests\"\n";
		};
/* End PBXShellScriptBuildPhase section */

/* Begin PBXSourcesBuildPhase section */
		5ACF1759171BDACE0097FC5A /* Sources */ = {
			isa = PBXSourcesBuildPhase;
			buildActionMask = 2147483647;
			files = (
				5ACF176D171BDACE0097FC5A /* main.m in Sources */,
				5ACF1771171BDACE0097FC5A /* AppDelegate.m in Sources */,
				5ADCC5BA171D108C0077F311 /* KeyPicturesViewController.m in Sources */,
				E35502DD172153550016821D /* ImageCollectionViewCell.m in Sources */,
				E355033C172173320016821D /* keyPhotoConfirmViewController.m in Sources */,
				5A50DD4117281CCA00060DA7 /* CommonMethods.m in Sources */,
				5A50DD4217281CCA00060DA7 /* NetworkManager.m in Sources */,
				5A50DD4317281CCA00060DA7 /* WebServicesManager.m in Sources */,
				5A50DD4417281CCA00060DA7 /* PhotosClass.m in Sources */,
				5A50DD4517281CCA00060DA7 /* webTransaction.m in Sources */,
				5A50DD4617281CCA00060DA7 /* webTransactionItem.m in Sources */,
				5A50DD4717281CCA00060DA7 /* webTransactionVerification.m in Sources */,
				FA1704071730587E00343C8C /* XMLParser.m in Sources */,
				FA64F9F9173117080077D2D0 /* ASIAuthenticationDialog.m in Sources */,
				FA64F9FA173117080077D2D0 /* ASIDownloadCache.m in Sources */,
				FA64F9FB173117080077D2D0 /* ASIFormDataRequest.m in Sources */,
				FA64F9FC173117080077D2D0 /* ASIHTTPRequest.m in Sources */,
				FA64F9FD173117080077D2D0 /* ASIInputStream.m in Sources */,
				FA64F9FE173117080077D2D0 /* ASINetworkQueue.m in Sources */,
				FA64F9FF173117080077D2D0 /* Reachability.m in Sources */,
				FA64FA00173117080077D2D0 /* NSData+Additions.m in Sources */,
				FA64FA01173117080077D2D0 /* NSString+Additions.m in Sources */,
				FA64FA03173117080077D2D0 /* SVProgressHUD.m in Sources */,
				FA05966517314BA700DC96DE /* UICheckbox.m in Sources */,
				FA05966D173151FD00DC96DE /* FormViewController.m in Sources */,
				FA059670173155E100DC96DE /* formCell.m in Sources */,
				FAD564FD1731A04A0031748A /* testViewController.m in Sources */,
				FA2418331736684A00BA539F /* PagedScrollViewController.m in Sources */,
			);
			runOnlyForDeploymentPostprocessing = 0;
		};
		5ACF1781171BDACF0097FC5A /* Sources */ = {
			isa = PBXSourcesBuildPhase;
			buildActionMask = 2147483647;
			files = (
				5ACF1795171BDACF0097FC5A /* TraitWareTests.m in Sources */,
			);
			runOnlyForDeploymentPostprocessing = 0;
		};
/* End PBXSourcesBuildPhase section */

/* Begin PBXTargetDependency section */
		5ACF178C171BDACF0097FC5A /* PBXTargetDependency */ = {
			isa = PBXTargetDependency;
			target = 5ACF175C171BDACE0097FC5A /* TraitWare */;
			targetProxy = 5ACF178B171BDACF0097FC5A /* PBXContainerItemProxy */;
		};
/* End PBXTargetDependency section */

/* Begin PBXVariantGroup section */
		5ACF1769171BDACE0097FC5A /* InfoPlist.strings */ = {
			isa = PBXVariantGroup;
			children = (
				5ACF176A171BDACE0097FC5A /* en */,
			);
			name = InfoPlist.strings;
			sourceTree = "<group>";
		};
		5ACF1790171BDACF0097FC5A /* InfoPlist.strings */ = {
			isa = PBXVariantGroup;
			children = (
				5ACF1791171BDACF0097FC5A /* en */,
			);
			name = InfoPlist.strings;
			sourceTree = "<group>";
		};
/* End PBXVariantGroup section */

/* Begin XCBuildConfiguration section */
		5ACF1796171BDACF0097FC5A /* Debug */ = {
			isa = XCBuildConfiguration;
			buildSettings = {
				ALWAYS_SEARCH_USER_PATHS = NO;
				CLANG_CXX_LANGUAGE_STANDARD = "gnu++0x";
				CLANG_CXX_LIBRARY = "libc++";
				CLANG_ENABLE_OBJC_ARC = YES;
				CLANG_WARN_CONSTANT_CONVERSION = YES;
				CLANG_WARN_EMPTY_BODY = YES;
				CLANG_WARN_ENUM_CONVERSION = YES;
				CLANG_WARN_INT_CONVERSION = YES;
				CLANG_WARN__DUPLICATE_METHOD_MATCH = YES;
				CODE_SIGN_IDENTITY = "iPhone Developer: Muhammad Uzair Arshad (39ERK494F3)";
				"CODE_SIGN_IDENTITY[sdk=iphoneos*]" = "iPhone Developer: Muhammad Uzair Arshad (39ERK494F3)";
				COPY_PHASE_STRIP = NO;
				GCC_C_LANGUAGE_STANDARD = gnu99;
				GCC_DYNAMIC_NO_PIC = NO;
				GCC_OPTIMIZATION_LEVEL = 0;
				GCC_PREPROCESSOR_DEFINITIONS = (
					"DEBUG=1",
					"$(inherited)",
				);
				GCC_SYMBOLS_PRIVATE_EXTERN = NO;
				GCC_WARN_ABOUT_RETURN_TYPE = YES;
				GCC_WARN_UNINITIALIZED_AUTOS = YES;
				GCC_WARN_UNUSED_VARIABLE = YES;
				IPHONEOS_DEPLOYMENT_TARGET = 5.1;
				ONLY_ACTIVE_ARCH = YES;
				PROVISIONING_PROFILE = "01D3D3FB-10B8-42CA-A569-31F6C6DCC4FC";
				"PROVISIONING_PROFILE[sdk=iphoneos*]" = "01D3D3FB-10B8-42CA-A569-31F6C6DCC4FC";
				SDKROOT = iphoneos;
				TARGETED_DEVICE_FAMILY = "1,2";
			};
			name = Debug;
		};
		5ACF1797171BDACF0097FC5A /* Release */ = {
			isa = XCBuildConfiguration;
			buildSettings = {
				ALWAYS_SEARCH_USER_PATHS = NO;
				CLANG_CXX_LANGUAGE_STANDARD = "gnu++0x";
				CLANG_CXX_LIBRARY = "libc++";
				CLANG_ENABLE_OBJC_ARC = YES;
				CLANG_WARN_CONSTANT_CONVERSION = YES;
				CLANG_WARN_EMPTY_BODY = YES;
				CLANG_WARN_ENUM_CONVERSION = YES;
				CLANG_WARN_INT_CONVERSION = YES;
				CLANG_WARN__DUPLICATE_METHOD_MATCH = YES;
				CODE_SIGN_IDENTITY = "iPhone Developer: Muhammad Uzair Arshad (39ERK494F3)";
				"CODE_SIGN_IDENTITY[sdk=iphoneos*]" = "iPhone Developer: Muhammad Uzair Arshad (39ERK494F3)";
				COPY_PHASE_STRIP = YES;
				GCC_C_LANGUAGE_STANDARD = gnu99;
				GCC_WARN_ABOUT_RETURN_TYPE = YES;
				GCC_WARN_UNINITIALIZED_AUTOS = YES;
				GCC_WARN_UNUSED_VARIABLE = YES;
				IPHONEOS_DEPLOYMENT_TARGET = 5.1;
				OTHER_CFLAGS = "-DNS_BLOCK_ASSERTIONS=1";
				PROVISIONING_PROFILE = "01D3D3FB-10B8-42CA-A569-31F6C6DCC4FC";
				"PROVISIONING_PROFILE[sdk=iphoneos*]" = "01D3D3FB-10B8-42CA-A569-31F6C6DCC4FC";
				SDKROOT = iphoneos;
				TARGETED_DEVICE_FAMILY = "1,2";
				VALIDATE_PRODUCT = YES;
			};
			name = Release;
		};
		5ACF1799171BDACF0097FC5A /* Debug */ = {
			isa = XCBuildConfiguration;
			buildSettings = {
				CODE_SIGN_IDENTITY = "iPhone Developer: Muhammad Uzair Arshad (39ERK494F3)";
				"CODE_SIGN_IDENTITY[sdk=iphoneos*]" = "iPhone Developer: Muhammad Uzair Arshad (39ERK494F3)";
				GCC_PRECOMPILE_PREFIX_HEADER = YES;
				GCC_PREFIX_HEADER = "TraitWare/TraitWare-Prefix.pch";
				INFOPLIST_FILE = "TraitWare/TraitWare-Info.plist";
				IPHONEOS_DEPLOYMENT_TARGET = 5.0;
				LIBRARY_SEARCH_PATHS = (
					"$(inherited)",
					"\"$(SRCROOT)/TraitWare/Classes/3rdParty/ZBarSDK\"",
					"\"$(SRCROOT)/TraitWare/Classes/AppClasses/3rdParty/ZBarSDK\"",
				);
				OTHER_LDFLAGS = (
					"-all_load",
					"-ObjC",
				);
				PRODUCT_NAME = "$(TARGET_NAME)";
				PROVISIONING_PROFILE = "01D3D3FB-10B8-42CA-A569-31F6C6DCC4FC";
				"PROVISIONING_PROFILE[sdk=iphoneos*]" = "01D3D3FB-10B8-42CA-A569-31F6C6DCC4FC";
				TARGETED_DEVICE_FAMILY = 1;
				WRAPPER_EXTENSION = app;
			};
			name = Debug;
		};
		5ACF179A171BDACF0097FC5A /* Release */ = {
			isa = XCBuildConfiguration;
			buildSettings = {
				CODE_SIGN_IDENTITY = "iPhone Developer: Muhammad Uzair Arshad (39ERK494F3)";
				"CODE_SIGN_IDENTITY[sdk=iphoneos*]" = "iPhone Developer: Muhammad Uzair Arshad (39ERK494F3)";
				GCC_PRECOMPILE_PREFIX_HEADER = YES;
				GCC_PREFIX_HEADER = "TraitWare/TraitWare-Prefix.pch";
				INFOPLIST_FILE = "TraitWare/TraitWare-Info.plist";
				IPHONEOS_DEPLOYMENT_TARGET = 5.0;
				LIBRARY_SEARCH_PATHS = (
					"$(inherited)",
					"\"$(SRCROOT)/TraitWare/Classes/3rdParty/ZBarSDK\"",
					"\"$(SRCROOT)/TraitWare/Classes/AppClasses/3rdParty/ZBarSDK\"",
				);
				OTHER_LDFLAGS = (
					"-all_load",
					"-ObjC",
				);
				PRODUCT_NAME = "$(TARGET_NAME)";
				PROVISIONING_PROFILE = "01D3D3FB-10B8-42CA-A569-31F6C6DCC4FC";
				"PROVISIONING_PROFILE[sdk=iphoneos*]" = "01D3D3FB-10B8-42CA-A569-31F6C6DCC4FC";
				TARGETED_DEVICE_FAMILY = 1;
				WRAPPER_EXTENSION = app;
			};
			name = Release;
		};
		5ACF179C171BDACF0097FC5A /* Debug */ = {
			isa = XCBuildConfiguration;
			buildSettings = {
				BUNDLE_LOADER = "$(BUILT_PRODUCTS_DIR)/TraitWare.app/TraitWare";
				FRAMEWORK_SEARCH_PATHS = (
					"\"$(SDKROOT)/Developer/Library/Frameworks\"",
					"\"$(DEVELOPER_LIBRARY_DIR)/Frameworks\"",
				);
				GCC_PRECOMPILE_PREFIX_HEADER = YES;
				GCC_PREFIX_HEADER = "TraitWare/TraitWare-Prefix.pch";
				INFOPLIST_FILE = "TraitWareTests/TraitWareTests-Info.plist";
				PRODUCT_NAME = "$(TARGET_NAME)";
				TEST_HOST = "$(BUNDLE_LOADER)";
				WRAPPER_EXTENSION = octest;
			};
			name = Debug;
		};
		5ACF179D171BDACF0097FC5A /* Release */ = {
			isa = XCBuildConfiguration;
			buildSettings = {
				BUNDLE_LOADER = "$(BUILT_PRODUCTS_DIR)/TraitWare.app/TraitWare";
				FRAMEWORK_SEARCH_PATHS = (
					"\"$(SDKROOT)/Developer/Library/Frameworks\"",
					"\"$(DEVELOPER_LIBRARY_DIR)/Frameworks\"",
				);
				GCC_PRECOMPILE_PREFIX_HEADER = YES;
				GCC_PREFIX_HEADER = "TraitWare/TraitWare-Prefix.pch";
				INFOPLIST_FILE = "TraitWareTests/TraitWareTests-Info.plist";
				PRODUCT_NAME = "$(TARGET_NAME)";
				TEST_HOST = "$(BUNDLE_LOADER)";
				WRAPPER_EXTENSION = octest;
			};
			name = Release;
		};
/* End XCBuildConfiguration section */

/* Begin XCConfigurationList section */
		5ACF1758171BDACE0097FC5A /* Build configuration list for PBXProject "TraitWare" */ = {
			isa = XCConfigurationList;
			buildConfigurations = (
				5ACF1796171BDACF0097FC5A /* Debug */,
				5ACF1797171BDACF0097FC5A /* Release */,
			);
			defaultConfigurationIsVisible = 0;
			defaultConfigurationName = Release;
		};
		5ACF1798171BDACF0097FC5A /* Build configuration list for PBXNativeTarget "TraitWare" */ = {
			isa = XCConfigurationList;
			buildConfigurations = (
				5ACF1799171BDACF0097FC5A /* Debug */,
				5ACF179A171BDACF0097FC5A /* Release */,
			);
			defaultConfigurationIsVisible = 0;
			defaultConfigurationName = Release;
		};
		5ACF179B171BDACF0097FC5A /* Build configuration list for PBXNativeTarget "TraitWareTests" */ = {
			isa = XCConfigurationList;
			buildConfigurations = (
				5ACF179C171BDACF0097FC5A /* Debug */,
				5ACF179D171BDACF0097FC5A /* Release */,
			);
			defaultConfigurationIsVisible = 0;
			defaultConfigurationName = Release;
		};
/* End XCConfigurationList section */
	};
	rootObject = 5ACF1755171BDACE0097FC5A /* Project object */;
}
